
Microsoft Visual Studio Solution File, Format Version 12.00
# Visual Studio Version 16
VisualStudioVersion = 16.0.32413.511
MinimumVisualStudioVersion = 10.0.40219.1
Project("{2150E333-8FDC-42A3-9474-1A3956D46DE8}") = "Services", "Services", "{6A872873-35B0-4B43-9B3D-6BF6C4CF8CB1}"
EndProject
Project("{2150E333-8FDC-42A3-9474-1A3956D46DE8}") = "Catalog", "Catalog", "{69BE8B7A-A82C-436A-85AD-F20E7E7CB44A}"
EndProject
Project("{9A19103F-16F7-4668-BE54-9A1E7A4F7556}") = "Catalog.API", "Services\Catalog\Catalog.API\Catalog.API.csproj", "{30B36EC9-DB36-4DC1-9EEA-CF9D7B160F4C}"
EndProject
Project("{E53339B2-1760-4266-BCC7-CA923CBCF16C}") = "docker-compose", "docker-compose.dcproj", "{08D934BB-CE51-437E-998D-3B4D5EC1BE2D}"
EndProject
Project("{2150E333-8FDC-42A3-9474-1A3956D46DE8}") = "Basket", "Basket", "{A23A4055-045E-44DA-BCE6-63A8147F06D4}"
EndProject
Project("{FAE04EC0-301F-11D3-BF4B-00C04F79EFBC}") = "Basket.API", "Services\Basket\Basket.API\Basket.API.csproj", "{6FC36130-E278-4C6D-8109-21BA1D6905E7}"
EndProject
Global
	GlobalSection(SolutionConfigurationPlatforms) = preSolution
		Debug|Any CPU = Debug|Any CPU
		Release|Any CPU = Release|Any CPU
	EndGlobalSection
	GlobalSection(ProjectConfigurationPlatforms) = postSolution
		{30B36EC9-DB36-4DC1-9EEA-CF9D7B160F4C}.Debug|Any CPU.ActiveCfg = Debug|Any CPU
		{30B36EC9-DB36-4DC1-9EEA-CF9D7B160F4C}.Debug|Any CPU.Build.0 = Debug|Any CPU
		{30B36EC9-DB36-4DC1-9EEA-CF9D7B160F4C}.Release|Any CPU.ActiveCfg = Release|Any CPU
		{30B36EC9-DB36-4DC1-9EEA-CF9D7B160F4C}.Release|Any CPU.Build.0 = Release|Any CPU
		{08D934BB-CE51-437E-998D-3B4D5EC1BE2D}.Debug|Any CPU.ActiveCfg = Debug|Any CPU
		{08D934BB-CE51-437E-998D-3B4D5EC1BE2D}.Debug|Any CPU.Build.0 = Debug|Any CPU
		{08D934BB-CE51-437E-998D-3B4D5EC1BE2D}.Release|Any CPU.ActiveCfg = Release|Any CPU
		{08D934BB-CE51-437E-998D-3B4D5EC1BE2D}.Release|Any CPU.Build.0 = Release|Any CPU
		{6FC36130-E278-4C6D-8109-21BA1D6905E7}.Debug|Any CPU.ActiveCfg = Debug|Any CPU
		{6FC36130-E278-4C6D-8109-21BA1D6905E7}.Debug|Any CPU.Build.0 = Debug|Any CPU
		{6FC36130-E278-4C6D-8109-21BA1D6905E7}.Release|Any CPU.ActiveCfg = Release|Any CPU
		{6FC36130-E278-4C6D-8109-21BA1D6905E7}.Release|Any CPU.Build.0 = Release|Any CPU
	EndGlobalSection
	GlobalSection(SolutionProperties) = preSolution
		HideSolutionNode = FALSE
	EndGlobalSection
	GlobalSection(NestedProjects) = preSolution
		{69BE8B7A-A82C-436A-85AD-F20E7E7CB44A} = {6A872873-35B0-4B43-9B3D-6BF6C4CF8CB1}
		{30B36EC9-DB36-4DC1-9EEA-CF9D7B160F4C} = {69BE8B7A-A82C-436A-85AD-F20E7E7CB44A}
		{A23A4055-045E-44DA-BCE6-63A8147F06D4} = {6A872873-35B0-4B43-9B3D-6BF6C4CF8CB1}
		{6FC36130-E278-4C6D-8109-21BA1D6905E7} = {A23A4055-045E-44DA-BCE6-63A8147F06D4}
	EndGlobalSection
	GlobalSection(ExtensibilityGlobals) = postSolution
		SolutionGuid = {4298F7D7-E929-4E2F-9F42-FDD7494DE37E}
	EndGlobalSection
EndGlobal
